
Microsoft Visual Studio Solution File, Format Version 12.00
# Visual Studio Version 17
VisualStudioVersion = 17.0.31903.59
MinimumVisualStudioVersion = 10.0.40219.1
Project("{FAE04EC0-301F-11D3-BF4B-00C04F79EFBC}") = "AdventureWorksLINQ", "AdventureWorksLINQ\AdventureWorksLINQ.csproj", "{91039F3E-83E8-4A56-A3B2-E3F1358A50E2}"
EndProject
Project("{FAE04EC0-301F-11D3-BF4B-00C04F79EFBC}") = "AdventureWorksLINQ.Console", "AdventureWorksLINQ.Console\AdventureWorksLINQ.Console.csproj", "{5022650A-7E28-46BC-BD93-BDCBACA0785C}"
EndProject
Project("{FAE04EC0-301F-11D3-BF4B-00C04F79EFBC}") = "RabbitMQ.ProducerDemo", "RabbitMQ.ProducerDemo\RabbitMQ.ProducerDemo.csproj", "{AA4F3EFC-E46F-49C3-9B48-EF411D1121CB}"
EndProject
Project("{FAE04EC0-301F-11D3-BF4B-00C04F79EFBC}") = "RabbitMQ.ConsumerDemo", "RabbitMQ.ConsumerDemo\RabbitMQ.ConsumerDemo.csproj", "{17BBE165-F877-4E80-8CFD-C297265E3AE0}"
EndProject
Project("{FAE04EC0-301F-11D3-BF4B-00C04F79EFBC}") = "RedisDay1", "RedisDay1\RedisDay1.csproj", "{56415414-0E3F-4D96-A604-CA8D133D948A}"
EndProject
Project("{FAE04EC0-301F-11D3-BF4B-00C04F79EFBC}") = "RabbitMQ.DLQDemo", "RabbitMQ.DLQDemo\RabbitMQ.DLQDemo.csproj", "{969A0285-3BF1-4D34-A12D-57C4B8C2FB87}"
EndProject
Project("{FAE04EC0-301F-11D3-BF4B-00C04F79EFBC}") = "RedisRelationships", "RedisRelationships\RedisRelationships.csproj", "{BC010CA9-62A8-43D9-812D-6CD3764D6032}"
EndProject
Project("{FAE04EC0-301F-11D3-BF4B-00C04F79EFBC}") = "LinqExamples", "LinqExamples\LinqExamples.csproj", "{A1E5CC5C-655C-4A03-95B4-64DA08B6F037}"
EndProject
Project("{FAE04EC0-301F-11D3-BF4B-00C04F79EFBC}") = "JwtAuthLab", "JwtAuthLab\JwtAuthLab.csproj", "{7528811E-05D2-4BB8-96DF-66C421DE9C9F}"
EndProject
Project("{FAE04EC0-301F-11D3-BF4B-00C04F79EFBC}") = "JwtLab", "JwtLab\JwtLab.csproj", "{2BAC07BC-1933-40C4-85A8-9C8705A234EB}"
EndProject
Project("{FAE04EC0-301F-11D3-BF4B-00C04F79EFBC}") = "SecureEfCoreDemo", "SecureEfCoreDemo\SecureEfCoreDemo.csproj", "{B30F153D-53E6-41DB-AA3C-979E108679B2}"
EndProject
Project("{FAE04EC0-301F-11D3-BF4B-00C04F79EFBC}") = "SortingInCSharp", "SortingInCSharp\SortingInCSharp.csproj", "{04FE5E8D-F31C-47E6-A978-AB418692CF29}"
EndProject
Project("{2150E333-8FDC-42A3-9474-1A3956D46DE8}") = "MicroservicesDay2", "MicroservicesDay2", "{3CF678DB-BB25-4033-9573-151554D212D3}"
EndProject
Project("{FAE04EC0-301F-11D3-BF4B-00C04F79EFBC}") = "OrdersService", "MicroservicesDay2\OrdersService\OrdersService.csproj", "{3E07C410-C919-435B-A514-B6D7E9F7DFE8}"
EndProject
Project("{FAE04EC0-301F-11D3-BF4B-00C04F79EFBC}") = "ProductsService", "MicroservicesDay2\ProductsService\ProductsService.csproj", "{7FD0A95C-E10B-4044-A762-E6FCB075CE57}"
EndProject
Project("{FAE04EC0-301F-11D3-BF4B-00C04F79EFBC}") = "UsersService", "MicroservicesDay2\UsersService\UsersService.csproj", "{032AE024-5881-489D-9B24-6044B2B32618}"
EndProject
Project("{2150E333-8FDC-42A3-9474-1A3956D46DE8}") = "DesignPatterns", "DesignPatterns", "{3F5172A3-305F-4010-B09E-D3A47AE8A7CA}"
EndProject
Project("{FAE04EC0-301F-11D3-BF4B-00C04F79EFBC}") = "Patterns", "DesignPatterns\Patterns\Patterns.csproj", "{86C38C7D-57D8-49E3-BBF4-C0E2B7B0580A}"
EndProject
Project("{FAE04EC0-301F-11D3-BF4B-00C04F79EFBC}") = "Middlewares", "Middlewares\Middlewares.csproj", "{C340B91D-3564-4619-81CF-6E24F8AB5172}"
EndProject
Project("{FAE04EC0-301F-11D3-BF4B-00C04F79EFBC}") = "AlgorithemInCSharp", "AlgorithemInCSharp\AlgorithemInCSharp.csproj", "{86D9A29A-B2A2-46D0-B78B-303B5686C511}"
EndProject
Project("{FAE04EC0-301F-11D3-BF4B-00C04F79EFBC}") = "ExceptionsAndMiddlewares", "ExceptionsAndMiddlewares\ExceptionsAndMiddlewares.csproj", "{C99D6282-A7E7-4397-8868-0D12C7AF0B26}"
EndProject
Project("{FAE04EC0-301F-11D3-BF4B-00C04F79EFBC}") = "Patterns", "Patterns\Patterns.csproj", "{AB056A2D-473E-4EBC-9FEA-97E18F04DE3B}"
EndProject
Project("{FAE04EC0-301F-11D3-BF4B-00C04F79EFBC}") = "DesignPattern", "DesignPatterns\DesignPattern\DesignPattern.csproj", "{FC36BDB5-6038-4EDD-BF63-7A38D89C9202}"
EndProject
Project("{FAE04EC0-301F-11D3-BF4B-00C04F79EFBC}") = "DataBaseExample", "DataBaseExample\DataBaseExample.csproj", "{E9193223-A18F-4C87-BF07-E47BA5B2DFA5}"
EndProject
Project("{FAE04EC0-301F-11D3-BF4B-00C04F79EFBC}") = "Reflection1", "Reflection1\Reflection1.csproj", "{E32126C4-991E-4AD6-9FE3-99117623A139}"
EndProject
Project("{FAE04EC0-301F-11D3-BF4B-00C04F79EFBC}") = "MiddlewareProblem", "MiddlewareProblem\MiddlewareProblem.csproj", "{8AA9AD01-8466-4EC8-92C2-9F0569CDBDEE}"
EndProject
Project("{FAE04EC0-301F-11D3-BF4B-00C04F79EFBC}") = "DIPattern", "DIPattern\DIPattern.csproj", "{2DCBFC55-2140-44F6-B9F4-5FAAB84EF526}"
EndProject
Project("{2150E333-8FDC-42A3-9474-1A3956D46DE8}") = "PluginProblem", "PluginProblem", "{04006CF3-CED7-41DB-9FB9-F2BCD1B19F90}"
EndProject
Project("{FAE04EC0-301F-11D3-BF4B-00C04F79EFBC}") = "PluginHost", "PluginProblem\PluginHost\PluginHost.csproj", "{5A3BEC3D-667E-401C-8AE0-8EEC1613DFB1}"
EndProject
Project("{FAE04EC0-301F-11D3-BF4B-00C04F79EFBC}") = "SamplePlugin", "PluginProblem\SamplePlugin\SamplePlugin.csproj", "{38D090CA-6AD5-4F42-A2E7-B4C3C925D28B}"
EndProject
Project("{FAE04EC0-301F-11D3-BF4B-00C04F79EFBC}") = "APIsExamples", "APIsExamples\APIsExamples.csproj", "{EDB7AC3C-B32A-484B-9D0B-3B3F6FE9FFCF}"
EndProject
Project("{2150E333-8FDC-42A3-9474-1A3956D46DE8}") = "RefProblems", "RefProblems", "{B28F51BE-B006-41F7-A0C0-5EF35A4031CD}"
EndProject
Project("{FAE04EC0-301F-11D3-BF4B-00C04F79EFBC}") = "ReflectionProblems", "RefProblems\ReflectionProblems\ReflectionProblems.csproj", "{66AD637F-2B77-441E-BDEC-D9E53ABE7109}"
EndProject
Project("{FAE04EC0-301F-11D3-BF4B-00C04F79EFBC}") = "PluginContract", "RefProblems\PluginContract\PluginContract.csproj", "{849C5F18-450F-49AC-A7F8-E302DAB5B004}"
EndProject
Global
	GlobalSection(SolutionConfigurationPlatforms) = preSolution
		Debug|Any CPU = Debug|Any CPU
		Release|Any CPU = Release|Any CPU
	EndGlobalSection
	GlobalSection(SolutionProperties) = preSolution
		HideSolutionNode = FALSE
	EndGlobalSection
	GlobalSection(ProjectConfigurationPlatforms) = postSolution
		{91039F3E-83E8-4A56-A3B2-E3F1358A50E2}.Debug|Any CPU.ActiveCfg = Debug|Any CPU
		{91039F3E-83E8-4A56-A3B2-E3F1358A50E2}.Debug|Any CPU.Build.0 = Debug|Any CPU
		{91039F3E-83E8-4A56-A3B2-E3F1358A50E2}.Release|Any CPU.ActiveCfg = Release|Any CPU
		{91039F3E-83E8-4A56-A3B2-E3F1358A50E2}.Release|Any CPU.Build.0 = Release|Any CPU
		{5022650A-7E28-46BC-BD93-BDCBACA0785C}.Debug|Any CPU.ActiveCfg = Debug|Any CPU
		{5022650A-7E28-46BC-BD93-BDCBACA0785C}.Debug|Any CPU.Build.0 = Debug|Any CPU
		{5022650A-7E28-46BC-BD93-BDCBACA0785C}.Release|Any CPU.ActiveCfg = Release|Any CPU
		{5022650A-7E28-46BC-BD93-BDCBACA0785C}.Release|Any CPU.Build.0 = Release|Any CPU
		{AA4F3EFC-E46F-49C3-9B48-EF411D1121CB}.Debug|Any CPU.ActiveCfg = Debug|Any CPU
		{AA4F3EFC-E46F-49C3-9B48-EF411D1121CB}.Debug|Any CPU.Build.0 = Debug|Any CPU
		{AA4F3EFC-E46F-49C3-9B48-EF411D1121CB}.Release|Any CPU.ActiveCfg = Release|Any CPU
		{AA4F3EFC-E46F-49C3-9B48-EF411D1121CB}.Release|Any CPU.Build.0 = Release|Any CPU
		{17BBE165-F877-4E80-8CFD-C297265E3AE0}.Debug|Any CPU.ActiveCfg = Debug|Any CPU
		{17BBE165-F877-4E80-8CFD-C297265E3AE0}.Debug|Any CPU.Build.0 = Debug|Any CPU
		{17BBE165-F877-4E80-8CFD-C297265E3AE0}.Release|Any CPU.ActiveCfg = Release|Any CPU
		{17BBE165-F877-4E80-8CFD-C297265E3AE0}.Release|Any CPU.Build.0 = Release|Any CPU
		{56415414-0E3F-4D96-A604-CA8D133D948A}.Debug|Any CPU.ActiveCfg = Debug|Any CPU
		{56415414-0E3F-4D96-A604-CA8D133D948A}.Debug|Any CPU.Build.0 = Debug|Any CPU
		{56415414-0E3F-4D96-A604-CA8D133D948A}.Release|Any CPU.ActiveCfg = Release|Any CPU
		{56415414-0E3F-4D96-A604-CA8D133D948A}.Release|Any CPU.Build.0 = Release|Any CPU
		{969A0285-3BF1-4D34-A12D-57C4B8C2FB87}.Debug|Any CPU.ActiveCfg = Debug|Any CPU
		{969A0285-3BF1-4D34-A12D-57C4B8C2FB87}.Debug|Any CPU.Build.0 = Debug|Any CPU
		{969A0285-3BF1-4D34-A12D-57C4B8C2FB87}.Release|Any CPU.ActiveCfg = Release|Any CPU
		{969A0285-3BF1-4D34-A12D-57C4B8C2FB87}.Release|Any CPU.Build.0 = Release|Any CPU
		{BC010CA9-62A8-43D9-812D-6CD3764D6032}.Debug|Any CPU.ActiveCfg = Debug|Any CPU
		{BC010CA9-62A8-43D9-812D-6CD3764D6032}.Debug|Any CPU.Build.0 = Debug|Any CPU
		{BC010CA9-62A8-43D9-812D-6CD3764D6032}.Release|Any CPU.ActiveCfg = Release|Any CPU
		{BC010CA9-62A8-43D9-812D-6CD3764D6032}.Release|Any CPU.Build.0 = Release|Any CPU
		{A1E5CC5C-655C-4A03-95B4-64DA08B6F037}.Debug|Any CPU.ActiveCfg = Debug|Any CPU
		{A1E5CC5C-655C-4A03-95B4-64DA08B6F037}.Debug|Any CPU.Build.0 = Debug|Any CPU
		{A1E5CC5C-655C-4A03-95B4-64DA08B6F037}.Release|Any CPU.ActiveCfg = Release|Any CPU
		{A1E5CC5C-655C-4A03-95B4-64DA08B6F037}.Release|Any CPU.Build.0 = Release|Any CPU
		{7528811E-05D2-4BB8-96DF-66C421DE9C9F}.Debug|Any CPU.ActiveCfg = Debug|Any CPU
		{7528811E-05D2-4BB8-96DF-66C421DE9C9F}.Debug|Any CPU.Build.0 = Debug|Any CPU
		{7528811E-05D2-4BB8-96DF-66C421DE9C9F}.Release|Any CPU.ActiveCfg = Release|Any CPU
		{7528811E-05D2-4BB8-96DF-66C421DE9C9F}.Release|Any CPU.Build.0 = Release|Any CPU
		{2BAC07BC-1933-40C4-85A8-9C8705A234EB}.Debug|Any CPU.ActiveCfg = Debug|Any CPU
		{2BAC07BC-1933-40C4-85A8-9C8705A234EB}.Debug|Any CPU.Build.0 = Debug|Any CPU
		{2BAC07BC-1933-40C4-85A8-9C8705A234EB}.Release|Any CPU.ActiveCfg = Release|Any CPU
		{2BAC07BC-1933-40C4-85A8-9C8705A234EB}.Release|Any CPU.Build.0 = Release|Any CPU
		{B30F153D-53E6-41DB-AA3C-979E108679B2}.Debug|Any CPU.ActiveCfg = Debug|Any CPU
		{B30F153D-53E6-41DB-AA3C-979E108679B2}.Debug|Any CPU.Build.0 = Debug|Any CPU
		{B30F153D-53E6-41DB-AA3C-979E108679B2}.Release|Any CPU.ActiveCfg = Release|Any CPU
		{B30F153D-53E6-41DB-AA3C-979E108679B2}.Release|Any CPU.Build.0 = Release|Any CPU
		{04FE5E8D-F31C-47E6-A978-AB418692CF29}.Debug|Any CPU.ActiveCfg = Debug|Any CPU
		{04FE5E8D-F31C-47E6-A978-AB418692CF29}.Debug|Any CPU.Build.0 = Debug|Any CPU
		{04FE5E8D-F31C-47E6-A978-AB418692CF29}.Release|Any CPU.ActiveCfg = Release|Any CPU
		{04FE5E8D-F31C-47E6-A978-AB418692CF29}.Release|Any CPU.Build.0 = Release|Any CPU
		{3E07C410-C919-435B-A514-B6D7E9F7DFE8}.Debug|Any CPU.ActiveCfg = Debug|Any CPU
		{3E07C410-C919-435B-A514-B6D7E9F7DFE8}.Debug|Any CPU.Build.0 = Debug|Any CPU
		{3E07C410-C919-435B-A514-B6D7E9F7DFE8}.Release|Any CPU.ActiveCfg = Release|Any CPU
		{3E07C410-C919-435B-A514-B6D7E9F7DFE8}.Release|Any CPU.Build.0 = Release|Any CPU
		{7FD0A95C-E10B-4044-A762-E6FCB075CE57}.Debug|Any CPU.ActiveCfg = Debug|Any CPU
		{7FD0A95C-E10B-4044-A762-E6FCB075CE57}.Debug|Any CPU.Build.0 = Debug|Any CPU
		{7FD0A95C-E10B-4044-A762-E6FCB075CE57}.Release|Any CPU.ActiveCfg = Release|Any CPU
		{7FD0A95C-E10B-4044-A762-E6FCB075CE57}.Release|Any CPU.Build.0 = Release|Any CPU
		{032AE024-5881-489D-9B24-6044B2B32618}.Debug|Any CPU.ActiveCfg = Debug|Any CPU
		{032AE024-5881-489D-9B24-6044B2B32618}.Debug|Any CPU.Build.0 = Debug|Any CPU
		{032AE024-5881-489D-9B24-6044B2B32618}.Release|Any CPU.ActiveCfg = Release|Any CPU
		{032AE024-5881-489D-9B24-6044B2B32618}.Release|Any CPU.Build.0 = Release|Any CPU
		{86C38C7D-57D8-49E3-BBF4-C0E2B7B0580A}.Debug|Any CPU.ActiveCfg = Debug|Any CPU
		{86C38C7D-57D8-49E3-BBF4-C0E2B7B0580A}.Debug|Any CPU.Build.0 = Debug|Any CPU
		{86C38C7D-57D8-49E3-BBF4-C0E2B7B0580A}.Release|Any CPU.ActiveCfg = Release|Any CPU
		{86C38C7D-57D8-49E3-BBF4-C0E2B7B0580A}.Release|Any CPU.Build.0 = Release|Any CPU
		{C340B91D-3564-4619-81CF-6E24F8AB5172}.Debug|Any CPU.ActiveCfg = Debug|Any CPU
		{C340B91D-3564-4619-81CF-6E24F8AB5172}.Debug|Any CPU.Build.0 = Debug|Any CPU
		{C340B91D-3564-4619-81CF-6E24F8AB5172}.Release|Any CPU.ActiveCfg = Release|Any CPU
		{C340B91D-3564-4619-81CF-6E24F8AB5172}.Release|Any CPU.Build.0 = Release|Any CPU
		{86D9A29A-B2A2-46D0-B78B-303B5686C511}.Debug|Any CPU.ActiveCfg = Debug|Any CPU
		{86D9A29A-B2A2-46D0-B78B-303B5686C511}.Debug|Any CPU.Build.0 = Debug|Any CPU
		{86D9A29A-B2A2-46D0-B78B-303B5686C511}.Release|Any CPU.ActiveCfg = Release|Any CPU
		{86D9A29A-B2A2-46D0-B78B-303B5686C511}.Release|Any CPU.Build.0 = Release|Any CPU
		{C99D6282-A7E7-4397-8868-0D12C7AF0B26}.Debug|Any CPU.ActiveCfg = Debug|Any CPU
		{C99D6282-A7E7-4397-8868-0D12C7AF0B26}.Debug|Any CPU.Build.0 = Debug|Any CPU
		{C99D6282-A7E7-4397-8868-0D12C7AF0B26}.Release|Any CPU.ActiveCfg = Release|Any CPU
		{C99D6282-A7E7-4397-8868-0D12C7AF0B26}.Release|Any CPU.Build.0 = Release|Any CPU
		{AB056A2D-473E-4EBC-9FEA-97E18F04DE3B}.Debug|Any CPU.ActiveCfg = Debug|Any CPU
		{AB056A2D-473E-4EBC-9FEA-97E18F04DE3B}.Debug|Any CPU.Build.0 = Debug|Any CPU
		{AB056A2D-473E-4EBC-9FEA-97E18F04DE3B}.Release|Any CPU.ActiveCfg = Release|Any CPU
		{AB056A2D-473E-4EBC-9FEA-97E18F04DE3B}.Release|Any CPU.Build.0 = Release|Any CPU
		{FC36BDB5-6038-4EDD-BF63-7A38D89C9202}.Debug|Any CPU.ActiveCfg = Debug|Any CPU
		{FC36BDB5-6038-4EDD-BF63-7A38D89C9202}.Debug|Any CPU.Build.0 = Debug|Any CPU
		{FC36BDB5-6038-4EDD-BF63-7A38D89C9202}.Release|Any CPU.ActiveCfg = Release|Any CPU
		{FC36BDB5-6038-4EDD-BF63-7A38D89C9202}.Release|Any CPU.Build.0 = Release|Any CPU
		{E9193223-A18F-4C87-BF07-E47BA5B2DFA5}.Debug|Any CPU.ActiveCfg = Debug|Any CPU
		{E9193223-A18F-4C87-BF07-E47BA5B2DFA5}.Debug|Any CPU.Build.0 = Debug|Any CPU
		{E9193223-A18F-4C87-BF07-E47BA5B2DFA5}.Release|Any CPU.ActiveCfg = Release|Any CPU
		{E9193223-A18F-4C87-BF07-E47BA5B2DFA5}.Release|Any CPU.Build.0 = Release|Any CPU
		{E32126C4-991E-4AD6-9FE3-99117623A139}.Debug|Any CPU.ActiveCfg = Debug|Any CPU
		{E32126C4-991E-4AD6-9FE3-99117623A139}.Debug|Any CPU.Build.0 = Debug|Any CPU
		{E32126C4-991E-4AD6-9FE3-99117623A139}.Release|Any CPU.ActiveCfg = Release|Any CPU
		{E32126C4-991E-4AD6-9FE3-99117623A139}.Release|Any CPU.Build.0 = Release|Any CPU
		{8AA9AD01-8466-4EC8-92C2-9F0569CDBDEE}.Debug|Any CPU.ActiveCfg = Debug|Any CPU
		{8AA9AD01-8466-4EC8-92C2-9F0569CDBDEE}.Debug|Any CPU.Build.0 = Debug|Any CPU
		{8AA9AD01-8466-4EC8-92C2-9F0569CDBDEE}.Release|Any CPU.ActiveCfg = Release|Any CPU
		{8AA9AD01-8466-4EC8-92C2-9F0569CDBDEE}.Release|Any CPU.Build.0 = Release|Any CPU
		{2DCBFC55-2140-44F6-B9F4-5FAAB84EF526}.Debug|Any CPU.ActiveCfg = Debug|Any CPU
		{2DCBFC55-2140-44F6-B9F4-5FAAB84EF526}.Debug|Any CPU.Build.0 = Debug|Any CPU
		{2DCBFC55-2140-44F6-B9F4-5FAAB84EF526}.Release|Any CPU.ActiveCfg = Release|Any CPU
		{2DCBFC55-2140-44F6-B9F4-5FAAB84EF526}.Release|Any CPU.Build.0 = Release|Any CPU
		{5A3BEC3D-667E-401C-8AE0-8EEC1613DFB1}.Debug|Any CPU.ActiveCfg = Debug|Any CPU
		{5A3BEC3D-667E-401C-8AE0-8EEC1613DFB1}.Debug|Any CPU.Build.0 = Debug|Any CPU
		{5A3BEC3D-667E-401C-8AE0-8EEC1613DFB1}.Release|Any CPU.ActiveCfg = Release|Any CPU
		{5A3BEC3D-667E-401C-8AE0-8EEC1613DFB1}.Release|Any CPU.Build.0 = Release|Any CPU
		{38D090CA-6AD5-4F42-A2E7-B4C3C925D28B}.Debug|Any CPU.ActiveCfg = Debug|Any CPU
		{38D090CA-6AD5-4F42-A2E7-B4C3C925D28B}.Debug|Any CPU.Build.0 = Debug|Any CPU
		{38D090CA-6AD5-4F42-A2E7-B4C3C925D28B}.Release|Any CPU.ActiveCfg = Release|Any CPU
		{38D090CA-6AD5-4F42-A2E7-B4C3C925D28B}.Release|Any CPU.Build.0 = Release|Any CPU
		{EDB7AC3C-B32A-484B-9D0B-3B3F6FE9FFCF}.Debug|Any CPU.ActiveCfg = Debug|Any CPU
		{EDB7AC3C-B32A-484B-9D0B-3B3F6FE9FFCF}.Debug|Any CPU.Build.0 = Debug|Any CPU
		{EDB7AC3C-B32A-484B-9D0B-3B3F6FE9FFCF}.Release|Any CPU.ActiveCfg = Release|Any CPU
		{EDB7AC3C-B32A-484B-9D0B-3B3F6FE9FFCF}.Release|Any CPU.Build.0 = Release|Any CPU
		{66AD637F-2B77-441E-BDEC-D9E53ABE7109}.Debug|Any CPU.ActiveCfg = Debug|Any CPU
		{66AD637F-2B77-441E-BDEC-D9E53ABE7109}.Debug|Any CPU.Build.0 = Debug|Any CPU
		{66AD637F-2B77-441E-BDEC-D9E53ABE7109}.Release|Any CPU.ActiveCfg = Release|Any CPU
		{66AD637F-2B77-441E-BDEC-D9E53ABE7109}.Release|Any CPU.Build.0 = Release|Any CPU
		{849C5F18-450F-49AC-A7F8-E302DAB5B004}.Debug|Any CPU.ActiveCfg = Debug|Any CPU
		{849C5F18-450F-49AC-A7F8-E302DAB5B004}.Debug|Any CPU.Build.0 = Debug|Any CPU
		{849C5F18-450F-49AC-A7F8-E302DAB5B004}.Release|Any CPU.ActiveCfg = Release|Any CPU
		{849C5F18-450F-49AC-A7F8-E302DAB5B004}.Release|Any CPU.Build.0 = Release|Any CPU
	EndGlobalSection
	GlobalSection(NestedProjects) = preSolution
		{3E07C410-C919-435B-A514-B6D7E9F7DFE8} = {3CF678DB-BB25-4033-9573-151554D212D3}
		{7FD0A95C-E10B-4044-A762-E6FCB075CE57} = {3CF678DB-BB25-4033-9573-151554D212D3}
		{032AE024-5881-489D-9B24-6044B2B32618} = {3CF678DB-BB25-4033-9573-151554D212D3}
		{86C38C7D-57D8-49E3-BBF4-C0E2B7B0580A} = {3F5172A3-305F-4010-B09E-D3A47AE8A7CA}
		{FC36BDB5-6038-4EDD-BF63-7A38D89C9202} = {3F5172A3-305F-4010-B09E-D3A47AE8A7CA}
		{5A3BEC3D-667E-401C-8AE0-8EEC1613DFB1} = {04006CF3-CED7-41DB-9FB9-F2BCD1B19F90}
		{38D090CA-6AD5-4F42-A2E7-B4C3C925D28B} = {04006CF3-CED7-41DB-9FB9-F2BCD1B19F90}
		{66AD637F-2B77-441E-BDEC-D9E53ABE7109} = {B28F51BE-B006-41F7-A0C0-5EF35A4031CD}
		{849C5F18-450F-49AC-A7F8-E302DAB5B004} = {B28F51BE-B006-41F7-A0C0-5EF35A4031CD}
	EndGlobalSection
EndGlobal
