
Microsoft Visual Studio Solution File, Format Version 12.00
# Visual Studio Version 17
VisualStudioVersion = 17.0.31903.59
MinimumVisualStudioVersion = 10.0.40219.1
Project("{FAE04EC0-301F-11D3-BF4B-00C04F79EFBC}") = "AdventureWorksLINQ", "AdventureWorksLINQ\AdventureWorksLINQ.csproj", "{91039F3E-83E8-4A56-A3B2-E3F1358A50E2}"
EndProject
Project("{FAE04EC0-301F-11D3-BF4B-00C04F79EFBC}") = "AdventureWorksLINQ.Console", "AdventureWorksLINQ.Console\AdventureWorksLINQ.Console.csproj", "{5022650A-7E28-46BC-BD93-BDCBACA0785C}"
EndProject
Project("{FAE04EC0-301F-11D3-BF4B-00C04F79EFBC}") = "RabbitMQ.ProducerDemo", "RabbitMQ.ProducerDemo\RabbitMQ.ProducerDemo.csproj", "{AA4F3EFC-E46F-49C3-9B48-EF411D1121CB}"
EndProject
Project("{FAE04EC0-301F-11D3-BF4B-00C04F79EFBC}") = "RabbitMQ.ConsumerDemo", "RabbitMQ.ConsumerDemo\RabbitMQ.ConsumerDemo.csproj", "{17BBE165-F877-4E80-8CFD-C297265E3AE0}"
EndProject
Project("{FAE04EC0-301F-11D3-BF4B-00C04F79EFBC}") = "RedisDay1", "RedisDay1\RedisDay1.csproj", "{56415414-0E3F-4D96-A604-CA8D133D948A}"
EndProject
Project("{FAE04EC0-301F-11D3-BF4B-00C04F79EFBC}") = "RabbitMQ.DLQDemo", "RabbitMQ.DLQDemo\RabbitMQ.DLQDemo.csproj", "{969A0285-3BF1-4D34-A12D-57C4B8C2FB87}"
EndProject
Project("{FAE04EC0-301F-11D3-BF4B-00C04F79EFBC}") = "RedisRelationships", "RedisRelationships\RedisRelationships.csproj", "{BC010CA9-62A8-43D9-812D-6CD3764D6032}"
EndProject
Project("{FAE04EC0-301F-11D3-BF4B-00C04F79EFBC}") = "LinqExamples", "LinqExamples\LinqExamples.csproj", "{A1E5CC5C-655C-4A03-95B4-64DA08B6F037}"
EndProject
Project("{FAE04EC0-301F-11D3-BF4B-00C04F79EFBC}") = "JwtAuthLab", "JwtAuthLab\JwtAuthLab.csproj", "{7528811E-05D2-4BB8-96DF-66C421DE9C9F}"
EndProject
Project("{FAE04EC0-301F-11D3-BF4B-00C04F79EFBC}") = "JwtLab", "JwtLab\JwtLab.csproj", "{2BAC07BC-1933-40C4-85A8-9C8705A234EB}"
EndProject
Project("{FAE04EC0-301F-11D3-BF4B-00C04F79EFBC}") = "SecureEfCoreDemo", "SecureEfCoreDemo\SecureEfCoreDemo.csproj", "{B30F153D-53E6-41DB-AA3C-979E108679B2}"
EndProject
Project("{FAE04EC0-301F-11D3-BF4B-00C04F79EFBC}") = "SortingInCSharp", "SortingInCSharp\SortingInCSharp.csproj", "{04FE5E8D-F31C-47E6-A978-AB418692CF29}"
EndProject
Project("{2150E333-8FDC-42A3-9474-1A3956D46DE8}") = "MicroservicesDay2", "MicroservicesDay2", "{3CF678DB-BB25-4033-9573-151554D212D3}"
EndProject
Project("{FAE04EC0-301F-11D3-BF4B-00C04F79EFBC}") = "OrdersService", "MicroservicesDay2\OrdersService\OrdersService.csproj", "{3E07C410-C919-435B-A514-B6D7E9F7DFE8}"
EndProject
Project("{FAE04EC0-301F-11D3-BF4B-00C04F79EFBC}") = "ProductsService", "MicroservicesDay2\ProductsService\ProductsService.csproj", "{7FD0A95C-E10B-4044-A762-E6FCB075CE57}"
EndProject
Project("{FAE04EC0-301F-11D3-BF4B-00C04F79EFBC}") = "UsersService", "MicroservicesDay2\UsersService\UsersService.csproj", "{032AE024-5881-489D-9B24-6044B2B32618}"
EndProject
Project("{2150E333-8FDC-42A3-9474-1A3956D46DE8}") = "DesignPatterns", "DesignPatterns", "{3F5172A3-305F-4010-B09E-D3A47AE8A7CA}"
EndProject
Project("{FAE04EC0-301F-11D3-BF4B-00C04F79EFBC}") = "Patterns", "DesignPatterns\Patterns\Patterns.csproj", "{86C38C7D-57D8-49E3-BBF4-C0E2B7B0580A}"
EndProject
Project("{FAE04EC0-301F-11D3-BF4B-00C04F79EFBC}") = "Middlewares", "Middlewares\Middlewares.csproj", "{C340B91D-3564-4619-81CF-6E24F8AB5172}"
EndProject
Project("{FAE04EC0-301F-11D3-BF4B-00C04F79EFBC}") = "AlgorithemInCSharp", "AlgorithemInCSharp\AlgorithemInCSharp.csproj", "{86D9A29A-B2A2-46D0-B78B-303B5686C511}"
EndProject
Project("{FAE04EC0-301F-11D3-BF4B-00C04F79EFBC}") = "ExceptionsAndMiddlewares", "ExceptionsAndMiddlewares\ExceptionsAndMiddlewares.csproj", "{C99D6282-A7E7-4397-8868-0D12C7AF0B26}"
EndProject
Project("{FAE04EC0-301F-11D3-BF4B-00C04F79EFBC}") = "Patterns", "Patterns\Patterns.csproj", "{AB056A2D-473E-4EBC-9FEA-97E18F04DE3B}"
EndProject
Project("{FAE04EC0-301F-11D3-BF4B-00C04F79EFBC}") = "DesignPattern", "DesignPatterns\DesignPattern\DesignPattern.csproj", "{FC36BDB5-6038-4EDD-BF63-7A38D89C9202}"
EndProject
Project("{FAE04EC0-301F-11D3-BF4B-00C04F79EFBC}") = "DataBaseExample", "DataBaseExample\DataBaseExample.csproj", "{E9193223-A18F-4C87-BF07-E47BA5B2DFA5}"
EndProject
Project("{FAE04EC0-301F-11D3-BF4B-00C04F79EFBC}") = "Reflection1", "Reflection1\Reflection1.csproj", "{E32126C4-991E-4AD6-9FE3-99117623A139}"
EndProject
Project("{FAE04EC0-301F-11D3-BF4B-00C04F79EFBC}") = "MiddlewareProblem", "MiddlewareProblem\MiddlewareProblem.csproj", "{8AA9AD01-8466-4EC8-92C2-9F0569CDBDEE}"
EndProject
Project("{FAE04EC0-301F-11D3-BF4B-00C04F79EFBC}") = "DIPattern", "DIPattern\DIPattern.csproj", "{2DCBFC55-2140-44F6-B9F4-5FAAB84EF526}"
EndProject
Project("{2150E333-8FDC-42A3-9474-1A3956D46DE8}") = "PluginProblem", "PluginProblem", "{04006CF3-CED7-41DB-9FB9-F2BCD1B19F90}"
EndProject
Project("{FAE04EC0-301F-11D3-BF4B-00C04F79EFBC}") = "PluginHost", "PluginProblem\PluginHost\PluginHost.csproj", "{5A3BEC3D-667E-401C-8AE0-8EEC1613DFB1}"
EndProject
Project("{FAE04EC0-301F-11D3-BF4B-00C04F79EFBC}") = "SamplePlugin", "PluginProblem\SamplePlugin\SamplePlugin.csproj", "{38D090CA-6AD5-4F42-A2E7-B4C3C925D28B}"
EndProject
Project("{FAE04EC0-301F-11D3-BF4B-00C04F79EFBC}") = "APIsExamples", "APIsExamples\APIsExamples.csproj", "{EDB7AC3C-B32A-484B-9D0B-3B3F6FE9FFCF}"
EndProject
Project("{2150E333-8FDC-42A3-9474-1A3956D46DE8}") = "RefProblems", "RefProblems", "{B28F51BE-B006-41F7-A0C0-5EF35A4031CD}"
EndProject
Project("{FAE04EC0-301F-11D3-BF4B-00C04F79EFBC}") = "ReflectionProblems", "RefProblems\ReflectionProblems\ReflectionProblems.csproj", "{66AD637F-2B77-441E-BDEC-D9E53ABE7109}"
EndProject
Project("{FAE04EC0-301F-11D3-BF4B-00C04F79EFBC}") = "PluginContract", "RefProblems\PluginContract\PluginContract.csproj", "{849C5F18-450F-49AC-A7F8-E302DAB5B004}"
EndProject
Project("{FAE04EC0-301F-11D3-BF4B-00C04F79EFBC}") = "EfCoreBasics", "EfCoreBasics\EfCoreBasics.csproj", "{2AE91C42-1748-4FF8-AEFD-B1152DC7B4B0}"
EndProject
Project("{FAE04EC0-301F-11D3-BF4B-00C04F79EFBC}") = "StandardProblems", "StandardProblems\StandardProblems.csproj", "{B728556D-902F-4EA3-A690-0EAA9855C0D9}"
EndProject
Project("{FAE04EC0-301F-11D3-BF4B-00C04F79EFBC}") = "LinqProblems", "LinqProblems\LinqProblems.csproj", "{D116EA74-5342-4AC8-8895-D4287F6F158B}"
EndProject
Project("{FAE04EC0-301F-11D3-BF4B-00C04F79EFBC}") = "ThreadingProblems", "ThreadingProblems\ThreadingProblems.csproj", "{1F9FE5FF-9EE2-4713-B09F-6ABE379D5921}"
EndProject
Project("{2150E333-8FDC-42A3-9474-1A3956D46DE8}") = "RabbitMQ", "RabbitMQ", "{2D78D104-68A2-426B-9E64-B55780092C57}"
EndProject
Project("{FAE04EC0-301F-11D3-BF4B-00C04F79EFBC}") = "Consumer", "RabbitMQ\Consumer\Consumer.csproj", "{CBDFFB48-0EA4-4713-8E55-E077D4BC2345}"
EndProject
Project("{FAE04EC0-301F-11D3-BF4B-00C04F79EFBC}") = "Producer", "RabbitMQ\Producer\Producer.csproj", "{F064CE14-182C-40FC-A5E0-0D88CA2D04F3}"
EndProject
Project("{FAE04EC0-301F-11D3-BF4B-00C04F79EFBC}") = "NewsPublisher", "RabbitMQ\NewsPublisher\NewsPublisher.csproj", "{A9684DCD-B764-441F-BADC-465BD288A618}"
EndProject
Project("{FAE04EC0-301F-11D3-BF4B-00C04F79EFBC}") = "EmailService", "RabbitMQ\EmailService\EmailService.csproj", "{61923CA3-7D1A-40F5-8AEA-015D782E78E1}"
EndProject
Project("{FAE04EC0-301F-11D3-BF4B-00C04F79EFBC}") = "LoggerService", "RabbitMQ\LoggerService\LoggerService.csproj", "{5F1B8F1D-1FAC-4D22-B38F-718E9B10071E}"
EndProject
Project("{FAE04EC0-301F-11D3-BF4B-00C04F79EFBC}") = "AnalyticsService", "RabbitMQ\AnalyticsService\AnalyticsService.csproj", "{0C2F083E-565E-4E36-80FE-17B02B4880E6}"
EndProject
Project("{FAE04EC0-301F-11D3-BF4B-00C04F79EFBC}") = "EmailService2", "RabbitMQ\EmailService2\EmailService2.csproj", "{5C411BAD-60EB-42CE-88A0-14678037A35A}"
EndProject
Project("{FAE04EC0-301F-11D3-BF4B-00C04F79EFBC}") = "DotinExample", "DotinExample\DotinExample.csproj", "{AF5E66DB-19C2-49F9-AE5F-4023140484DB}"
EndProject
Project("{FAE04EC0-301F-11D3-BF4B-00C04F79EFBC}") = "RegionBasedPrivacySecurity", "RegionBasedPrivacySecurity\RegionBasedPrivacySecurity.csproj", "{7BB24EBA-2F26-4B73-84DD-E2DC7F3A03B0}"
EndProject
Project("{FAE04EC0-301F-11D3-BF4B-00C04F79EFBC}") = "ECommerceGatewayAPI", "ECommerceGatewayAPI\ECommerceGatewayAPI.csproj", "{39020DCB-BD15-4899-96EE-06DDE8DD0863}"
EndProject
Project("{FAE04EC0-301F-11D3-BF4B-00C04F79EFBC}") = "APIFiftyProblems", "APIFiftyProblems\APIFiftyProblems.csproj", "{1D3403A2-F765-429B-A697-6E5A2BB9F9A2}"
EndProject
Project("{FAE04EC0-301F-11D3-BF4B-00C04F79EFBC}") = "BimeDotCom", "BimeDotCom\BimeDotCom.csproj", "{73AAEA79-DBB7-4370-8045-532BF1812FCD}"
EndProject
Project("{FAE04EC0-301F-11D3-BF4B-00C04F79EFBC}") = "SimpleCRUD", "SimpleCRUD\SimpleCRUD.csproj", "{64093A41-5700-47DA-A09E-C7B2E68D77EF}"
EndProject
Project("{FAE04EC0-301F-11D3-BF4B-00C04F79EFBC}") = "ClaimApiMinimal", "ClaimApiMinimal\ClaimApiMinimal.csproj", "{7A9AB058-9384-4373-9FB3-A7F83B343394}"
EndProject
Project("{FAE04EC0-301F-11D3-BF4B-00C04F79EFBC}") = "LibraryAuthentication", "LibraryAuthentication\LibraryAuthentication.csproj", "{BBEF5B60-3678-4073-82DB-AD49ED5F294F}"
EndProject
Project("{FAE04EC0-301F-11D3-BF4B-00C04F79EFBC}") = "SecureApi", "SecureApi\SecureApi.csproj", "{6AF011A6-E0FD-4AC4-9B24-13C36E2289C3}"
EndProject
Project("{FAE04EC0-301F-11D3-BF4B-00C04F79EFBC}") = "ContactManager", "ContactManager\ContactManager.csproj", "{D7257D2E-9911-47D5-8190-089B1E01EBE6}"
EndProject
Project("{2150E333-8FDC-42A3-9474-1A3956D46DE8}") = "AspNetCoreIdentityDemo", "AspNetCoreIdentityDemo", "{5F204437-0120-444B-BB2D-4920405D11FD}"
EndProject
Project("{FAE04EC0-301F-11D3-BF4B-00C04F79EFBC}") = "SpaIdentityApi", "AspNetCoreIdentityDemo\SpaIdentityApi\SpaIdentityApi.csproj", "{4CB86053-7C56-4CFB-9B66-327066656E5A}"
EndProject
Project("{FAE04EC0-301F-11D3-BF4B-00C04F79EFBC}") = "AuthDemo", "AspNetCoreIdentityDemo\AuthDemo\AuthDemo.csproj", "{99F873D5-4A1B-4C17-A7E5-85D9D5C7B2B8}"
EndProject
Project("{FAE04EC0-301F-11D3-BF4B-00C04F79EFBC}") = "AuthDemoTwo", "AspNetCoreIdentityDemo\AuthDemoTwo\AuthDemoTwo.csproj", "{EDC859A6-4B86-4ED7-B6B5-7873B0A73578}"
EndProject
Project("{FAE04EC0-301F-11D3-BF4B-00C04F79EFBC}") = "JwtStore", "AspNetCoreIdentityDemo\JwtStore\JwtStore.csproj", "{D7BFCD82-333B-422A-8DDB-28CE70DCB940}"
EndProject
Project("{FAE04EC0-301F-11D3-BF4B-00C04F79EFBC}") = "AuthDemoAuth", "AspNetCoreIdentityDemo\AuthDemoAuth\AuthDemoAuth.csproj", "{6E303C5A-45F1-489B-BB04-4BE622D307C0}"
EndProject
Global
	GlobalSection(SolutionConfigurationPlatforms) = preSolution
		Debug|Any CPU = Debug|Any CPU
		Release|Any CPU = Release|Any CPU
	EndGlobalSection
	GlobalSection(SolutionProperties) = preSolution
		HideSolutionNode = FALSE
	EndGlobalSection
	GlobalSection(ProjectConfigurationPlatforms) = postSolution
		{91039F3E-83E8-4A56-A3B2-E3F1358A50E2}.Debug|Any CPU.ActiveCfg = Debug|Any CPU
		{91039F3E-83E8-4A56-A3B2-E3F1358A50E2}.Debug|Any CPU.Build.0 = Debug|Any CPU
		{91039F3E-83E8-4A56-A3B2-E3F1358A50E2}.Release|Any CPU.ActiveCfg = Release|Any CPU
		{91039F3E-83E8-4A56-A3B2-E3F1358A50E2}.Release|Any CPU.Build.0 = Release|Any CPU
		{5022650A-7E28-46BC-BD93-BDCBACA0785C}.Debug|Any CPU.ActiveCfg = Debug|Any CPU
		{5022650A-7E28-46BC-BD93-BDCBACA0785C}.Debug|Any CPU.Build.0 = Debug|Any CPU
		{5022650A-7E28-46BC-BD93-BDCBACA0785C}.Release|Any CPU.ActiveCfg = Release|Any CPU
		{5022650A-7E28-46BC-BD93-BDCBACA0785C}.Release|Any CPU.Build.0 = Release|Any CPU
		{AA4F3EFC-E46F-49C3-9B48-EF411D1121CB}.Debug|Any CPU.ActiveCfg = Debug|Any CPU
		{AA4F3EFC-E46F-49C3-9B48-EF411D1121CB}.Debug|Any CPU.Build.0 = Debug|Any CPU
		{AA4F3EFC-E46F-49C3-9B48-EF411D1121CB}.Release|Any CPU.ActiveCfg = Release|Any CPU
		{AA4F3EFC-E46F-49C3-9B48-EF411D1121CB}.Release|Any CPU.Build.0 = Release|Any CPU
		{17BBE165-F877-4E80-8CFD-C297265E3AE0}.Debug|Any CPU.ActiveCfg = Debug|Any CPU
		{17BBE165-F877-4E80-8CFD-C297265E3AE0}.Debug|Any CPU.Build.0 = Debug|Any CPU
		{17BBE165-F877-4E80-8CFD-C297265E3AE0}.Release|Any CPU.ActiveCfg = Release|Any CPU
		{17BBE165-F877-4E80-8CFD-C297265E3AE0}.Release|Any CPU.Build.0 = Release|Any CPU
		{56415414-0E3F-4D96-A604-CA8D133D948A}.Debug|Any CPU.ActiveCfg = Debug|Any CPU
		{56415414-0E3F-4D96-A604-CA8D133D948A}.Debug|Any CPU.Build.0 = Debug|Any CPU
		{56415414-0E3F-4D96-A604-CA8D133D948A}.Release|Any CPU.ActiveCfg = Release|Any CPU
		{56415414-0E3F-4D96-A604-CA8D133D948A}.Release|Any CPU.Build.0 = Release|Any CPU
		{969A0285-3BF1-4D34-A12D-57C4B8C2FB87}.Debug|Any CPU.ActiveCfg = Debug|Any CPU
		{969A0285-3BF1-4D34-A12D-57C4B8C2FB87}.Debug|Any CPU.Build.0 = Debug|Any CPU
		{969A0285-3BF1-4D34-A12D-57C4B8C2FB87}.Release|Any CPU.ActiveCfg = Release|Any CPU
		{969A0285-3BF1-4D34-A12D-57C4B8C2FB87}.Release|Any CPU.Build.0 = Release|Any CPU
		{BC010CA9-62A8-43D9-812D-6CD3764D6032}.Debug|Any CPU.ActiveCfg = Debug|Any CPU
		{BC010CA9-62A8-43D9-812D-6CD3764D6032}.Debug|Any CPU.Build.0 = Debug|Any CPU
		{BC010CA9-62A8-43D9-812D-6CD3764D6032}.Release|Any CPU.ActiveCfg = Release|Any CPU
		{BC010CA9-62A8-43D9-812D-6CD3764D6032}.Release|Any CPU.Build.0 = Release|Any CPU
		{A1E5CC5C-655C-4A03-95B4-64DA08B6F037}.Debug|Any CPU.ActiveCfg = Debug|Any CPU
		{A1E5CC5C-655C-4A03-95B4-64DA08B6F037}.Debug|Any CPU.Build.0 = Debug|Any CPU
		{A1E5CC5C-655C-4A03-95B4-64DA08B6F037}.Release|Any CPU.ActiveCfg = Release|Any CPU
		{A1E5CC5C-655C-4A03-95B4-64DA08B6F037}.Release|Any CPU.Build.0 = Release|Any CPU
		{7528811E-05D2-4BB8-96DF-66C421DE9C9F}.Debug|Any CPU.ActiveCfg = Debug|Any CPU
		{7528811E-05D2-4BB8-96DF-66C421DE9C9F}.Debug|Any CPU.Build.0 = Debug|Any CPU
		{7528811E-05D2-4BB8-96DF-66C421DE9C9F}.Release|Any CPU.ActiveCfg = Release|Any CPU
		{7528811E-05D2-4BB8-96DF-66C421DE9C9F}.Release|Any CPU.Build.0 = Release|Any CPU
		{2BAC07BC-1933-40C4-85A8-9C8705A234EB}.Debug|Any CPU.ActiveCfg = Debug|Any CPU
		{2BAC07BC-1933-40C4-85A8-9C8705A234EB}.Debug|Any CPU.Build.0 = Debug|Any CPU
		{2BAC07BC-1933-40C4-85A8-9C8705A234EB}.Release|Any CPU.ActiveCfg = Release|Any CPU
		{2BAC07BC-1933-40C4-85A8-9C8705A234EB}.Release|Any CPU.Build.0 = Release|Any CPU
		{B30F153D-53E6-41DB-AA3C-979E108679B2}.Debug|Any CPU.ActiveCfg = Debug|Any CPU
		{B30F153D-53E6-41DB-AA3C-979E108679B2}.Debug|Any CPU.Build.0 = Debug|Any CPU
		{B30F153D-53E6-41DB-AA3C-979E108679B2}.Release|Any CPU.ActiveCfg = Release|Any CPU
		{B30F153D-53E6-41DB-AA3C-979E108679B2}.Release|Any CPU.Build.0 = Release|Any CPU
		{04FE5E8D-F31C-47E6-A978-AB418692CF29}.Debug|Any CPU.ActiveCfg = Debug|Any CPU
		{04FE5E8D-F31C-47E6-A978-AB418692CF29}.Debug|Any CPU.Build.0 = Debug|Any CPU
		{04FE5E8D-F31C-47E6-A978-AB418692CF29}.Release|Any CPU.ActiveCfg = Release|Any CPU
		{04FE5E8D-F31C-47E6-A978-AB418692CF29}.Release|Any CPU.Build.0 = Release|Any CPU
		{3E07C410-C919-435B-A514-B6D7E9F7DFE8}.Debug|Any CPU.ActiveCfg = Debug|Any CPU
		{3E07C410-C919-435B-A514-B6D7E9F7DFE8}.Debug|Any CPU.Build.0 = Debug|Any CPU
		{3E07C410-C919-435B-A514-B6D7E9F7DFE8}.Release|Any CPU.ActiveCfg = Release|Any CPU
		{3E07C410-C919-435B-A514-B6D7E9F7DFE8}.Release|Any CPU.Build.0 = Release|Any CPU
		{7FD0A95C-E10B-4044-A762-E6FCB075CE57}.Debug|Any CPU.ActiveCfg = Debug|Any CPU
		{7FD0A95C-E10B-4044-A762-E6FCB075CE57}.Debug|Any CPU.Build.0 = Debug|Any CPU
		{7FD0A95C-E10B-4044-A762-E6FCB075CE57}.Release|Any CPU.ActiveCfg = Release|Any CPU
		{7FD0A95C-E10B-4044-A762-E6FCB075CE57}.Release|Any CPU.Build.0 = Release|Any CPU
		{032AE024-5881-489D-9B24-6044B2B32618}.Debug|Any CPU.ActiveCfg = Debug|Any CPU
		{032AE024-5881-489D-9B24-6044B2B32618}.Debug|Any CPU.Build.0 = Debug|Any CPU
		{032AE024-5881-489D-9B24-6044B2B32618}.Release|Any CPU.ActiveCfg = Release|Any CPU
		{032AE024-5881-489D-9B24-6044B2B32618}.Release|Any CPU.Build.0 = Release|Any CPU
		{86C38C7D-57D8-49E3-BBF4-C0E2B7B0580A}.Debug|Any CPU.ActiveCfg = Debug|Any CPU
		{86C38C7D-57D8-49E3-BBF4-C0E2B7B0580A}.Debug|Any CPU.Build.0 = Debug|Any CPU
		{86C38C7D-57D8-49E3-BBF4-C0E2B7B0580A}.Release|Any CPU.ActiveCfg = Release|Any CPU
		{86C38C7D-57D8-49E3-BBF4-C0E2B7B0580A}.Release|Any CPU.Build.0 = Release|Any CPU
		{C340B91D-3564-4619-81CF-6E24F8AB5172}.Debug|Any CPU.ActiveCfg = Debug|Any CPU
		{C340B91D-3564-4619-81CF-6E24F8AB5172}.Debug|Any CPU.Build.0 = Debug|Any CPU
		{C340B91D-3564-4619-81CF-6E24F8AB5172}.Release|Any CPU.ActiveCfg = Release|Any CPU
		{C340B91D-3564-4619-81CF-6E24F8AB5172}.Release|Any CPU.Build.0 = Release|Any CPU
		{86D9A29A-B2A2-46D0-B78B-303B5686C511}.Debug|Any CPU.ActiveCfg = Debug|Any CPU
		{86D9A29A-B2A2-46D0-B78B-303B5686C511}.Debug|Any CPU.Build.0 = Debug|Any CPU
		{86D9A29A-B2A2-46D0-B78B-303B5686C511}.Release|Any CPU.ActiveCfg = Release|Any CPU
		{86D9A29A-B2A2-46D0-B78B-303B5686C511}.Release|Any CPU.Build.0 = Release|Any CPU
		{C99D6282-A7E7-4397-8868-0D12C7AF0B26}.Debug|Any CPU.ActiveCfg = Debug|Any CPU
		{C99D6282-A7E7-4397-8868-0D12C7AF0B26}.Debug|Any CPU.Build.0 = Debug|Any CPU
		{C99D6282-A7E7-4397-8868-0D12C7AF0B26}.Release|Any CPU.ActiveCfg = Release|Any CPU
		{C99D6282-A7E7-4397-8868-0D12C7AF0B26}.Release|Any CPU.Build.0 = Release|Any CPU
		{AB056A2D-473E-4EBC-9FEA-97E18F04DE3B}.Debug|Any CPU.ActiveCfg = Debug|Any CPU
		{AB056A2D-473E-4EBC-9FEA-97E18F04DE3B}.Debug|Any CPU.Build.0 = Debug|Any CPU
		{AB056A2D-473E-4EBC-9FEA-97E18F04DE3B}.Release|Any CPU.ActiveCfg = Release|Any CPU
		{AB056A2D-473E-4EBC-9FEA-97E18F04DE3B}.Release|Any CPU.Build.0 = Release|Any CPU
		{FC36BDB5-6038-4EDD-BF63-7A38D89C9202}.Debug|Any CPU.ActiveCfg = Debug|Any CPU
		{FC36BDB5-6038-4EDD-BF63-7A38D89C9202}.Debug|Any CPU.Build.0 = Debug|Any CPU
		{FC36BDB5-6038-4EDD-BF63-7A38D89C9202}.Release|Any CPU.ActiveCfg = Release|Any CPU
		{FC36BDB5-6038-4EDD-BF63-7A38D89C9202}.Release|Any CPU.Build.0 = Release|Any CPU
		{E9193223-A18F-4C87-BF07-E47BA5B2DFA5}.Debug|Any CPU.ActiveCfg = Debug|Any CPU
		{E9193223-A18F-4C87-BF07-E47BA5B2DFA5}.Debug|Any CPU.Build.0 = Debug|Any CPU
		{E9193223-A18F-4C87-BF07-E47BA5B2DFA5}.Release|Any CPU.ActiveCfg = Release|Any CPU
		{E9193223-A18F-4C87-BF07-E47BA5B2DFA5}.Release|Any CPU.Build.0 = Release|Any CPU
		{E32126C4-991E-4AD6-9FE3-99117623A139}.Debug|Any CPU.ActiveCfg = Debug|Any CPU
		{E32126C4-991E-4AD6-9FE3-99117623A139}.Debug|Any CPU.Build.0 = Debug|Any CPU
		{E32126C4-991E-4AD6-9FE3-99117623A139}.Release|Any CPU.ActiveCfg = Release|Any CPU
		{E32126C4-991E-4AD6-9FE3-99117623A139}.Release|Any CPU.Build.0 = Release|Any CPU
		{8AA9AD01-8466-4EC8-92C2-9F0569CDBDEE}.Debug|Any CPU.ActiveCfg = Debug|Any CPU
		{8AA9AD01-8466-4EC8-92C2-9F0569CDBDEE}.Debug|Any CPU.Build.0 = Debug|Any CPU
		{8AA9AD01-8466-4EC8-92C2-9F0569CDBDEE}.Release|Any CPU.ActiveCfg = Release|Any CPU
		{8AA9AD01-8466-4EC8-92C2-9F0569CDBDEE}.Release|Any CPU.Build.0 = Release|Any CPU
		{2DCBFC55-2140-44F6-B9F4-5FAAB84EF526}.Debug|Any CPU.ActiveCfg = Debug|Any CPU
		{2DCBFC55-2140-44F6-B9F4-5FAAB84EF526}.Debug|Any CPU.Build.0 = Debug|Any CPU
		{2DCBFC55-2140-44F6-B9F4-5FAAB84EF526}.Release|Any CPU.ActiveCfg = Release|Any CPU
		{2DCBFC55-2140-44F6-B9F4-5FAAB84EF526}.Release|Any CPU.Build.0 = Release|Any CPU
		{5A3BEC3D-667E-401C-8AE0-8EEC1613DFB1}.Debug|Any CPU.ActiveCfg = Debug|Any CPU
		{5A3BEC3D-667E-401C-8AE0-8EEC1613DFB1}.Debug|Any CPU.Build.0 = Debug|Any CPU
		{5A3BEC3D-667E-401C-8AE0-8EEC1613DFB1}.Release|Any CPU.ActiveCfg = Release|Any CPU
		{5A3BEC3D-667E-401C-8AE0-8EEC1613DFB1}.Release|Any CPU.Build.0 = Release|Any CPU
		{38D090CA-6AD5-4F42-A2E7-B4C3C925D28B}.Debug|Any CPU.ActiveCfg = Debug|Any CPU
		{38D090CA-6AD5-4F42-A2E7-B4C3C925D28B}.Debug|Any CPU.Build.0 = Debug|Any CPU
		{38D090CA-6AD5-4F42-A2E7-B4C3C925D28B}.Release|Any CPU.ActiveCfg = Release|Any CPU
		{38D090CA-6AD5-4F42-A2E7-B4C3C925D28B}.Release|Any CPU.Build.0 = Release|Any CPU
		{EDB7AC3C-B32A-484B-9D0B-3B3F6FE9FFCF}.Debug|Any CPU.ActiveCfg = Debug|Any CPU
		{EDB7AC3C-B32A-484B-9D0B-3B3F6FE9FFCF}.Debug|Any CPU.Build.0 = Debug|Any CPU
		{EDB7AC3C-B32A-484B-9D0B-3B3F6FE9FFCF}.Release|Any CPU.ActiveCfg = Release|Any CPU
		{EDB7AC3C-B32A-484B-9D0B-3B3F6FE9FFCF}.Release|Any CPU.Build.0 = Release|Any CPU
		{66AD637F-2B77-441E-BDEC-D9E53ABE7109}.Debug|Any CPU.ActiveCfg = Debug|Any CPU
		{66AD637F-2B77-441E-BDEC-D9E53ABE7109}.Debug|Any CPU.Build.0 = Debug|Any CPU
		{66AD637F-2B77-441E-BDEC-D9E53ABE7109}.Release|Any CPU.ActiveCfg = Release|Any CPU
		{66AD637F-2B77-441E-BDEC-D9E53ABE7109}.Release|Any CPU.Build.0 = Release|Any CPU
		{849C5F18-450F-49AC-A7F8-E302DAB5B004}.Debug|Any CPU.ActiveCfg = Debug|Any CPU
		{849C5F18-450F-49AC-A7F8-E302DAB5B004}.Debug|Any CPU.Build.0 = Debug|Any CPU
		{849C5F18-450F-49AC-A7F8-E302DAB5B004}.Release|Any CPU.ActiveCfg = Release|Any CPU
		{849C5F18-450F-49AC-A7F8-E302DAB5B004}.Release|Any CPU.Build.0 = Release|Any CPU
		{2AE91C42-1748-4FF8-AEFD-B1152DC7B4B0}.Debug|Any CPU.ActiveCfg = Debug|Any CPU
		{2AE91C42-1748-4FF8-AEFD-B1152DC7B4B0}.Debug|Any CPU.Build.0 = Debug|Any CPU
		{2AE91C42-1748-4FF8-AEFD-B1152DC7B4B0}.Release|Any CPU.ActiveCfg = Release|Any CPU
		{2AE91C42-1748-4FF8-AEFD-B1152DC7B4B0}.Release|Any CPU.Build.0 = Release|Any CPU
		{B728556D-902F-4EA3-A690-0EAA9855C0D9}.Debug|Any CPU.ActiveCfg = Debug|Any CPU
		{B728556D-902F-4EA3-A690-0EAA9855C0D9}.Debug|Any CPU.Build.0 = Debug|Any CPU
		{B728556D-902F-4EA3-A690-0EAA9855C0D9}.Release|Any CPU.ActiveCfg = Release|Any CPU
		{B728556D-902F-4EA3-A690-0EAA9855C0D9}.Release|Any CPU.Build.0 = Release|Any CPU
		{D116EA74-5342-4AC8-8895-D4287F6F158B}.Debug|Any CPU.ActiveCfg = Debug|Any CPU
		{D116EA74-5342-4AC8-8895-D4287F6F158B}.Debug|Any CPU.Build.0 = Debug|Any CPU
		{D116EA74-5342-4AC8-8895-D4287F6F158B}.Release|Any CPU.ActiveCfg = Release|Any CPU
		{D116EA74-5342-4AC8-8895-D4287F6F158B}.Release|Any CPU.Build.0 = Release|Any CPU
		{1F9FE5FF-9EE2-4713-B09F-6ABE379D5921}.Debug|Any CPU.ActiveCfg = Debug|Any CPU
		{1F9FE5FF-9EE2-4713-B09F-6ABE379D5921}.Debug|Any CPU.Build.0 = Debug|Any CPU
		{1F9FE5FF-9EE2-4713-B09F-6ABE379D5921}.Release|Any CPU.ActiveCfg = Release|Any CPU
		{1F9FE5FF-9EE2-4713-B09F-6ABE379D5921}.Release|Any CPU.Build.0 = Release|Any CPU
		{CBDFFB48-0EA4-4713-8E55-E077D4BC2345}.Debug|Any CPU.ActiveCfg = Debug|Any CPU
		{CBDFFB48-0EA4-4713-8E55-E077D4BC2345}.Debug|Any CPU.Build.0 = Debug|Any CPU
		{CBDFFB48-0EA4-4713-8E55-E077D4BC2345}.Release|Any CPU.ActiveCfg = Release|Any CPU
		{CBDFFB48-0EA4-4713-8E55-E077D4BC2345}.Release|Any CPU.Build.0 = Release|Any CPU
		{F064CE14-182C-40FC-A5E0-0D88CA2D04F3}.Debug|Any CPU.ActiveCfg = Debug|Any CPU
		{F064CE14-182C-40FC-A5E0-0D88CA2D04F3}.Debug|Any CPU.Build.0 = Debug|Any CPU
		{F064CE14-182C-40FC-A5E0-0D88CA2D04F3}.Release|Any CPU.ActiveCfg = Release|Any CPU
		{F064CE14-182C-40FC-A5E0-0D88CA2D04F3}.Release|Any CPU.Build.0 = Release|Any CPU
		{A9684DCD-B764-441F-BADC-465BD288A618}.Debug|Any CPU.ActiveCfg = Debug|Any CPU
		{A9684DCD-B764-441F-BADC-465BD288A618}.Debug|Any CPU.Build.0 = Debug|Any CPU
		{A9684DCD-B764-441F-BADC-465BD288A618}.Release|Any CPU.ActiveCfg = Release|Any CPU
		{A9684DCD-B764-441F-BADC-465BD288A618}.Release|Any CPU.Build.0 = Release|Any CPU
		{61923CA3-7D1A-40F5-8AEA-015D782E78E1}.Debug|Any CPU.ActiveCfg = Debug|Any CPU
		{61923CA3-7D1A-40F5-8AEA-015D782E78E1}.Debug|Any CPU.Build.0 = Debug|Any CPU
		{61923CA3-7D1A-40F5-8AEA-015D782E78E1}.Release|Any CPU.ActiveCfg = Release|Any CPU
		{61923CA3-7D1A-40F5-8AEA-015D782E78E1}.Release|Any CPU.Build.0 = Release|Any CPU
		{5F1B8F1D-1FAC-4D22-B38F-718E9B10071E}.Debug|Any CPU.ActiveCfg = Debug|Any CPU
		{5F1B8F1D-1FAC-4D22-B38F-718E9B10071E}.Debug|Any CPU.Build.0 = Debug|Any CPU
		{5F1B8F1D-1FAC-4D22-B38F-718E9B10071E}.Release|Any CPU.ActiveCfg = Release|Any CPU
		{5F1B8F1D-1FAC-4D22-B38F-718E9B10071E}.Release|Any CPU.Build.0 = Release|Any CPU
		{0C2F083E-565E-4E36-80FE-17B02B4880E6}.Debug|Any CPU.ActiveCfg = Debug|Any CPU
		{0C2F083E-565E-4E36-80FE-17B02B4880E6}.Debug|Any CPU.Build.0 = Debug|Any CPU
		{0C2F083E-565E-4E36-80FE-17B02B4880E6}.Release|Any CPU.ActiveCfg = Release|Any CPU
		{0C2F083E-565E-4E36-80FE-17B02B4880E6}.Release|Any CPU.Build.0 = Release|Any CPU
		{5C411BAD-60EB-42CE-88A0-14678037A35A}.Debug|Any CPU.ActiveCfg = Debug|Any CPU
		{5C411BAD-60EB-42CE-88A0-14678037A35A}.Debug|Any CPU.Build.0 = Debug|Any CPU
		{5C411BAD-60EB-42CE-88A0-14678037A35A}.Release|Any CPU.ActiveCfg = Release|Any CPU
		{5C411BAD-60EB-42CE-88A0-14678037A35A}.Release|Any CPU.Build.0 = Release|Any CPU
		{AF5E66DB-19C2-49F9-AE5F-4023140484DB}.Debug|Any CPU.ActiveCfg = Debug|Any CPU
		{AF5E66DB-19C2-49F9-AE5F-4023140484DB}.Debug|Any CPU.Build.0 = Debug|Any CPU
		{AF5E66DB-19C2-49F9-AE5F-4023140484DB}.Release|Any CPU.ActiveCfg = Release|Any CPU
		{AF5E66DB-19C2-49F9-AE5F-4023140484DB}.Release|Any CPU.Build.0 = Release|Any CPU
		{7BB24EBA-2F26-4B73-84DD-E2DC7F3A03B0}.Debug|Any CPU.ActiveCfg = Debug|Any CPU
		{7BB24EBA-2F26-4B73-84DD-E2DC7F3A03B0}.Debug|Any CPU.Build.0 = Debug|Any CPU
		{7BB24EBA-2F26-4B73-84DD-E2DC7F3A03B0}.Release|Any CPU.ActiveCfg = Release|Any CPU
		{7BB24EBA-2F26-4B73-84DD-E2DC7F3A03B0}.Release|Any CPU.Build.0 = Release|Any CPU
		{39020DCB-BD15-4899-96EE-06DDE8DD0863}.Debug|Any CPU.ActiveCfg = Debug|Any CPU
		{39020DCB-BD15-4899-96EE-06DDE8DD0863}.Debug|Any CPU.Build.0 = Debug|Any CPU
		{39020DCB-BD15-4899-96EE-06DDE8DD0863}.Release|Any CPU.ActiveCfg = Release|Any CPU
		{39020DCB-BD15-4899-96EE-06DDE8DD0863}.Release|Any CPU.Build.0 = Release|Any CPU
		{1D3403A2-F765-429B-A697-6E5A2BB9F9A2}.Debug|Any CPU.ActiveCfg = Debug|Any CPU
		{1D3403A2-F765-429B-A697-6E5A2BB9F9A2}.Debug|Any CPU.Build.0 = Debug|Any CPU
		{1D3403A2-F765-429B-A697-6E5A2BB9F9A2}.Release|Any CPU.ActiveCfg = Release|Any CPU
		{1D3403A2-F765-429B-A697-6E5A2BB9F9A2}.Release|Any CPU.Build.0 = Release|Any CPU
		{73AAEA79-DBB7-4370-8045-532BF1812FCD}.Debug|Any CPU.ActiveCfg = Debug|Any CPU
		{73AAEA79-DBB7-4370-8045-532BF1812FCD}.Debug|Any CPU.Build.0 = Debug|Any CPU
		{73AAEA79-DBB7-4370-8045-532BF1812FCD}.Release|Any CPU.ActiveCfg = Release|Any CPU
		{73AAEA79-DBB7-4370-8045-532BF1812FCD}.Release|Any CPU.Build.0 = Release|Any CPU
		{64093A41-5700-47DA-A09E-C7B2E68D77EF}.Debug|Any CPU.ActiveCfg = Debug|Any CPU
		{64093A41-5700-47DA-A09E-C7B2E68D77EF}.Debug|Any CPU.Build.0 = Debug|Any CPU
		{64093A41-5700-47DA-A09E-C7B2E68D77EF}.Release|Any CPU.ActiveCfg = Release|Any CPU
		{64093A41-5700-47DA-A09E-C7B2E68D77EF}.Release|Any CPU.Build.0 = Release|Any CPU
		{7A9AB058-9384-4373-9FB3-A7F83B343394}.Debug|Any CPU.ActiveCfg = Debug|Any CPU
		{7A9AB058-9384-4373-9FB3-A7F83B343394}.Debug|Any CPU.Build.0 = Debug|Any CPU
		{7A9AB058-9384-4373-9FB3-A7F83B343394}.Release|Any CPU.ActiveCfg = Release|Any CPU
		{7A9AB058-9384-4373-9FB3-A7F83B343394}.Release|Any CPU.Build.0 = Release|Any CPU
		{BBEF5B60-3678-4073-82DB-AD49ED5F294F}.Debug|Any CPU.ActiveCfg = Debug|Any CPU
		{BBEF5B60-3678-4073-82DB-AD49ED5F294F}.Debug|Any CPU.Build.0 = Debug|Any CPU
		{BBEF5B60-3678-4073-82DB-AD49ED5F294F}.Release|Any CPU.ActiveCfg = Release|Any CPU
		{BBEF5B60-3678-4073-82DB-AD49ED5F294F}.Release|Any CPU.Build.0 = Release|Any CPU
		{6AF011A6-E0FD-4AC4-9B24-13C36E2289C3}.Debug|Any CPU.ActiveCfg = Debug|Any CPU
		{6AF011A6-E0FD-4AC4-9B24-13C36E2289C3}.Debug|Any CPU.Build.0 = Debug|Any CPU
		{6AF011A6-E0FD-4AC4-9B24-13C36E2289C3}.Release|Any CPU.ActiveCfg = Release|Any CPU
		{6AF011A6-E0FD-4AC4-9B24-13C36E2289C3}.Release|Any CPU.Build.0 = Release|Any CPU
		{D7257D2E-9911-47D5-8190-089B1E01EBE6}.Debug|Any CPU.ActiveCfg = Debug|Any CPU
		{D7257D2E-9911-47D5-8190-089B1E01EBE6}.Debug|Any CPU.Build.0 = Debug|Any CPU
		{D7257D2E-9911-47D5-8190-089B1E01EBE6}.Release|Any CPU.ActiveCfg = Release|Any CPU
		{D7257D2E-9911-47D5-8190-089B1E01EBE6}.Release|Any CPU.Build.0 = Release|Any CPU
		{4CB86053-7C56-4CFB-9B66-327066656E5A}.Debug|Any CPU.ActiveCfg = Debug|Any CPU
		{4CB86053-7C56-4CFB-9B66-327066656E5A}.Debug|Any CPU.Build.0 = Debug|Any CPU
		{4CB86053-7C56-4CFB-9B66-327066656E5A}.Release|Any CPU.ActiveCfg = Release|Any CPU
		{4CB86053-7C56-4CFB-9B66-327066656E5A}.Release|Any CPU.Build.0 = Release|Any CPU
		{99F873D5-4A1B-4C17-A7E5-85D9D5C7B2B8}.Debug|Any CPU.ActiveCfg = Debug|Any CPU
		{99F873D5-4A1B-4C17-A7E5-85D9D5C7B2B8}.Debug|Any CPU.Build.0 = Debug|Any CPU
		{99F873D5-4A1B-4C17-A7E5-85D9D5C7B2B8}.Release|Any CPU.ActiveCfg = Release|Any CPU
		{99F873D5-4A1B-4C17-A7E5-85D9D5C7B2B8}.Release|Any CPU.Build.0 = Release|Any CPU
		{EDC859A6-4B86-4ED7-B6B5-7873B0A73578}.Debug|Any CPU.ActiveCfg = Debug|Any CPU
		{EDC859A6-4B86-4ED7-B6B5-7873B0A73578}.Debug|Any CPU.Build.0 = Debug|Any CPU
		{EDC859A6-4B86-4ED7-B6B5-7873B0A73578}.Release|Any CPU.ActiveCfg = Release|Any CPU
		{EDC859A6-4B86-4ED7-B6B5-7873B0A73578}.Release|Any CPU.Build.0 = Release|Any CPU
		{D7BFCD82-333B-422A-8DDB-28CE70DCB940}.Debug|Any CPU.ActiveCfg = Debug|Any CPU
		{D7BFCD82-333B-422A-8DDB-28CE70DCB940}.Debug|Any CPU.Build.0 = Debug|Any CPU
		{D7BFCD82-333B-422A-8DDB-28CE70DCB940}.Release|Any CPU.ActiveCfg = Release|Any CPU
		{D7BFCD82-333B-422A-8DDB-28CE70DCB940}.Release|Any CPU.Build.0 = Release|Any CPU
		{6E303C5A-45F1-489B-BB04-4BE622D307C0}.Debug|Any CPU.ActiveCfg = Debug|Any CPU
		{6E303C5A-45F1-489B-BB04-4BE622D307C0}.Debug|Any CPU.Build.0 = Debug|Any CPU
		{6E303C5A-45F1-489B-BB04-4BE622D307C0}.Release|Any CPU.ActiveCfg = Release|Any CPU
		{6E303C5A-45F1-489B-BB04-4BE622D307C0}.Release|Any CPU.Build.0 = Release|Any CPU
	EndGlobalSection
	GlobalSection(NestedProjects) = preSolution
		{3E07C410-C919-435B-A514-B6D7E9F7DFE8} = {3CF678DB-BB25-4033-9573-151554D212D3}
		{7FD0A95C-E10B-4044-A762-E6FCB075CE57} = {3CF678DB-BB25-4033-9573-151554D212D3}
		{032AE024-5881-489D-9B24-6044B2B32618} = {3CF678DB-BB25-4033-9573-151554D212D3}
		{86C38C7D-57D8-49E3-BBF4-C0E2B7B0580A} = {3F5172A3-305F-4010-B09E-D3A47AE8A7CA}
		{FC36BDB5-6038-4EDD-BF63-7A38D89C9202} = {3F5172A3-305F-4010-B09E-D3A47AE8A7CA}
		{5A3BEC3D-667E-401C-8AE0-8EEC1613DFB1} = {04006CF3-CED7-41DB-9FB9-F2BCD1B19F90}
		{38D090CA-6AD5-4F42-A2E7-B4C3C925D28B} = {04006CF3-CED7-41DB-9FB9-F2BCD1B19F90}
		{66AD637F-2B77-441E-BDEC-D9E53ABE7109} = {B28F51BE-B006-41F7-A0C0-5EF35A4031CD}
		{849C5F18-450F-49AC-A7F8-E302DAB5B004} = {B28F51BE-B006-41F7-A0C0-5EF35A4031CD}
		{CBDFFB48-0EA4-4713-8E55-E077D4BC2345} = {2D78D104-68A2-426B-9E64-B55780092C57}
		{F064CE14-182C-40FC-A5E0-0D88CA2D04F3} = {2D78D104-68A2-426B-9E64-B55780092C57}
		{A9684DCD-B764-441F-BADC-465BD288A618} = {2D78D104-68A2-426B-9E64-B55780092C57}
		{61923CA3-7D1A-40F5-8AEA-015D782E78E1} = {2D78D104-68A2-426B-9E64-B55780092C57}
		{5F1B8F1D-1FAC-4D22-B38F-718E9B10071E} = {2D78D104-68A2-426B-9E64-B55780092C57}
		{0C2F083E-565E-4E36-80FE-17B02B4880E6} = {2D78D104-68A2-426B-9E64-B55780092C57}
		{5C411BAD-60EB-42CE-88A0-14678037A35A} = {2D78D104-68A2-426B-9E64-B55780092C57}
		{4CB86053-7C56-4CFB-9B66-327066656E5A} = {5F204437-0120-444B-BB2D-4920405D11FD}
		{99F873D5-4A1B-4C17-A7E5-85D9D5C7B2B8} = {5F204437-0120-444B-BB2D-4920405D11FD}
		{EDC859A6-4B86-4ED7-B6B5-7873B0A73578} = {5F204437-0120-444B-BB2D-4920405D11FD}
		{D7BFCD82-333B-422A-8DDB-28CE70DCB940} = {5F204437-0120-444B-BB2D-4920405D11FD}
		{6E303C5A-45F1-489B-BB04-4BE622D307C0} = {5F204437-0120-444B-BB2D-4920405D11FD}
	EndGlobalSection
EndGlobal
