
Microsoft Visual Studio Solution File, Format Version 12.00
# Visual Studio Version 17
VisualStudioVersion = 17.0.31903.59
MinimumVisualStudioVersion = 10.0.40219.1
Project("{FAE04EC0-301F-11D3-BF4B-00C04F79EFBC}") = "AdventureWorksLINQ", "AdventureWorksLINQ\AdventureWorksLINQ.csproj", "{91039F3E-83E8-4A56-A3B2-E3F1358A50E2}"
EndProject
Project("{FAE04EC0-301F-11D3-BF4B-00C04F79EFBC}") = "AdventureWorksLINQ.Console", "AdventureWorksLINQ.Console\AdventureWorksLINQ.Console.csproj", "{5022650A-7E28-46BC-BD93-BDCBACA0785C}"
EndProject
Project("{FAE04EC0-301F-11D3-BF4B-00C04F79EFBC}") = "RabbitMQ.ProducerDemo", "RabbitMQ.ProducerDemo\RabbitMQ.ProducerDemo.csproj", "{AA4F3EFC-E46F-49C3-9B48-EF411D1121CB}"
EndProject
Project("{FAE04EC0-301F-11D3-BF4B-00C04F79EFBC}") = "RabbitMQ.ConsumerDemo", "RabbitMQ.ConsumerDemo\RabbitMQ.ConsumerDemo.csproj", "{17BBE165-F877-4E80-8CFD-C297265E3AE0}"
EndProject
Project("{FAE04EC0-301F-11D3-BF4B-00C04F79EFBC}") = "RedisDay1", "RedisDay1\RedisDay1.csproj", "{56415414-0E3F-4D96-A604-CA8D133D948A}"
EndProject
Project("{FAE04EC0-301F-11D3-BF4B-00C04F79EFBC}") = "RabbitMQ.DLQDemo", "RabbitMQ.DLQDemo\RabbitMQ.DLQDemo.csproj", "{969A0285-3BF1-4D34-A12D-57C4B8C2FB87}"
EndProject
Project("{FAE04EC0-301F-11D3-BF4B-00C04F79EFBC}") = "RedisRelationships", "RedisRelationships\RedisRelationships.csproj", "{BC010CA9-62A8-43D9-812D-6CD3764D6032}"
EndProject
Project("{FAE04EC0-301F-11D3-BF4B-00C04F79EFBC}") = "LinqExamples", "LinqExamples\LinqExamples.csproj", "{A1E5CC5C-655C-4A03-95B4-64DA08B6F037}"
EndProject
Project("{FAE04EC0-301F-11D3-BF4B-00C04F79EFBC}") = "JwtAuthLab", "JwtAuthLab\JwtAuthLab.csproj", "{7528811E-05D2-4BB8-96DF-66C421DE9C9F}"
EndProject
Project("{FAE04EC0-301F-11D3-BF4B-00C04F79EFBC}") = "JwtLab", "JwtLab\JwtLab.csproj", "{2BAC07BC-1933-40C4-85A8-9C8705A234EB}"
EndProject
Project("{FAE04EC0-301F-11D3-BF4B-00C04F79EFBC}") = "SecureEfCoreDemo", "SecureEfCoreDemo\SecureEfCoreDemo.csproj", "{B30F153D-53E6-41DB-AA3C-979E108679B2}"
EndProject
Global
	GlobalSection(SolutionConfigurationPlatforms) = preSolution
		Debug|Any CPU = Debug|Any CPU
		Release|Any CPU = Release|Any CPU
	EndGlobalSection
	GlobalSection(SolutionProperties) = preSolution
		HideSolutionNode = FALSE
	EndGlobalSection
	GlobalSection(ProjectConfigurationPlatforms) = postSolution
		{91039F3E-83E8-4A56-A3B2-E3F1358A50E2}.Debug|Any CPU.ActiveCfg = Debug|Any CPU
		{91039F3E-83E8-4A56-A3B2-E3F1358A50E2}.Debug|Any CPU.Build.0 = Debug|Any CPU
		{91039F3E-83E8-4A56-A3B2-E3F1358A50E2}.Release|Any CPU.ActiveCfg = Release|Any CPU
		{91039F3E-83E8-4A56-A3B2-E3F1358A50E2}.Release|Any CPU.Build.0 = Release|Any CPU
		{5022650A-7E28-46BC-BD93-BDCBACA0785C}.Debug|Any CPU.ActiveCfg = Debug|Any CPU
		{5022650A-7E28-46BC-BD93-BDCBACA0785C}.Debug|Any CPU.Build.0 = Debug|Any CPU
		{5022650A-7E28-46BC-BD93-BDCBACA0785C}.Release|Any CPU.ActiveCfg = Release|Any CPU
		{5022650A-7E28-46BC-BD93-BDCBACA0785C}.Release|Any CPU.Build.0 = Release|Any CPU
		{AA4F3EFC-E46F-49C3-9B48-EF411D1121CB}.Debug|Any CPU.ActiveCfg = Debug|Any CPU
		{AA4F3EFC-E46F-49C3-9B48-EF411D1121CB}.Debug|Any CPU.Build.0 = Debug|Any CPU
		{AA4F3EFC-E46F-49C3-9B48-EF411D1121CB}.Release|Any CPU.ActiveCfg = Release|Any CPU
		{AA4F3EFC-E46F-49C3-9B48-EF411D1121CB}.Release|Any CPU.Build.0 = Release|Any CPU
		{17BBE165-F877-4E80-8CFD-C297265E3AE0}.Debug|Any CPU.ActiveCfg = Debug|Any CPU
		{17BBE165-F877-4E80-8CFD-C297265E3AE0}.Debug|Any CPU.Build.0 = Debug|Any CPU
		{17BBE165-F877-4E80-8CFD-C297265E3AE0}.Release|Any CPU.ActiveCfg = Release|Any CPU
		{17BBE165-F877-4E80-8CFD-C297265E3AE0}.Release|Any CPU.Build.0 = Release|Any CPU
		{56415414-0E3F-4D96-A604-CA8D133D948A}.Debug|Any CPU.ActiveCfg = Debug|Any CPU
		{56415414-0E3F-4D96-A604-CA8D133D948A}.Debug|Any CPU.Build.0 = Debug|Any CPU
		{56415414-0E3F-4D96-A604-CA8D133D948A}.Release|Any CPU.ActiveCfg = Release|Any CPU
		{56415414-0E3F-4D96-A604-CA8D133D948A}.Release|Any CPU.Build.0 = Release|Any CPU
		{969A0285-3BF1-4D34-A12D-57C4B8C2FB87}.Debug|Any CPU.ActiveCfg = Debug|Any CPU
		{969A0285-3BF1-4D34-A12D-57C4B8C2FB87}.Debug|Any CPU.Build.0 = Debug|Any CPU
		{969A0285-3BF1-4D34-A12D-57C4B8C2FB87}.Release|Any CPU.ActiveCfg = Release|Any CPU
		{969A0285-3BF1-4D34-A12D-57C4B8C2FB87}.Release|Any CPU.Build.0 = Release|Any CPU
		{BC010CA9-62A8-43D9-812D-6CD3764D6032}.Debug|Any CPU.ActiveCfg = Debug|Any CPU
		{BC010CA9-62A8-43D9-812D-6CD3764D6032}.Debug|Any CPU.Build.0 = Debug|Any CPU
		{BC010CA9-62A8-43D9-812D-6CD3764D6032}.Release|Any CPU.ActiveCfg = Release|Any CPU
		{BC010CA9-62A8-43D9-812D-6CD3764D6032}.Release|Any CPU.Build.0 = Release|Any CPU
		{A1E5CC5C-655C-4A03-95B4-64DA08B6F037}.Debug|Any CPU.ActiveCfg = Debug|Any CPU
		{A1E5CC5C-655C-4A03-95B4-64DA08B6F037}.Debug|Any CPU.Build.0 = Debug|Any CPU
		{A1E5CC5C-655C-4A03-95B4-64DA08B6F037}.Release|Any CPU.ActiveCfg = Release|Any CPU
		{A1E5CC5C-655C-4A03-95B4-64DA08B6F037}.Release|Any CPU.Build.0 = Release|Any CPU
		{7528811E-05D2-4BB8-96DF-66C421DE9C9F}.Debug|Any CPU.ActiveCfg = Debug|Any CPU
		{7528811E-05D2-4BB8-96DF-66C421DE9C9F}.Debug|Any CPU.Build.0 = Debug|Any CPU
		{7528811E-05D2-4BB8-96DF-66C421DE9C9F}.Release|Any CPU.ActiveCfg = Release|Any CPU
		{7528811E-05D2-4BB8-96DF-66C421DE9C9F}.Release|Any CPU.Build.0 = Release|Any CPU
		{2BAC07BC-1933-40C4-85A8-9C8705A234EB}.Debug|Any CPU.ActiveCfg = Debug|Any CPU
		{2BAC07BC-1933-40C4-85A8-9C8705A234EB}.Debug|Any CPU.Build.0 = Debug|Any CPU
		{2BAC07BC-1933-40C4-85A8-9C8705A234EB}.Release|Any CPU.ActiveCfg = Release|Any CPU
		{2BAC07BC-1933-40C4-85A8-9C8705A234EB}.Release|Any CPU.Build.0 = Release|Any CPU
		{B30F153D-53E6-41DB-AA3C-979E108679B2}.Debug|Any CPU.ActiveCfg = Debug|Any CPU
		{B30F153D-53E6-41DB-AA3C-979E108679B2}.Debug|Any CPU.Build.0 = Debug|Any CPU
		{B30F153D-53E6-41DB-AA3C-979E108679B2}.Release|Any CPU.ActiveCfg = Release|Any CPU
		{B30F153D-53E6-41DB-AA3C-979E108679B2}.Release|Any CPU.Build.0 = Release|Any CPU
	EndGlobalSection
EndGlobal
